{
  "name": "oh-my-muse",
  "version": "0.2.2",
  "lockfileVersion": 3,
  "requires": true,
  "packages": {
    "": {
      "name": "oh-my-muse",
      "version": "0.2.2",
      "license": "MIT",
      "bin": {
        "omm": "bin/omm.mjs"
      },
      "engines": {
        "node": ">=20"
      }
    }
  }
}
